
Microsoft Visual Studio Solution File, Format Version 12.00
# Visual Studio 2012
Project("{8BC9CEB8-8B4A-11D0-8D11-00A0C91BC942}") = "DylanVSShell", "DylanVSShell\DylanVSShell\DylanVSShell.vcxproj", "{BEFCE3EC-5FFC-4330-A4AE-374778EB6FC2}"
	ProjectSection(ProjectDependencies) = postProject
		{F1F23F4E-4756-462C-AD44-485A19C0F4AD} = {F1F23F4E-4756-462C-AD44-485A19C0F4AD}
		{976C1986-FD5E-447A-BFC8-5A74D4100847} = {976C1986-FD5E-447A-BFC8-5A74D4100847}
		{F82446A0-53A7-4039-81E2-C0E9BA4D9D78} = {F82446A0-53A7-4039-81E2-C0E9BA4D9D78}
	EndProjectSection
EndProject
Project("{8BC9CEB8-8B4A-11D0-8D11-00A0C91BC942}") = "DylanVSShellUI", "DylanVSShell\DylanVSShellUI\DylanVSShellUI.vcxproj", "{F82446A0-53A7-4039-81E2-C0E9BA4D9D78}"
EndProject
Project("{FAE04EC0-301F-11D3-BF4B-00C04F79EFBC}") = "DylanVSShell.AboutBoxPackage", "DylanVSShell\DylanVSShell.AboutBoxPackage\DylanVSShell.AboutBoxPackage.csproj", "{F1F23F4E-4756-462C-AD44-485A19C0F4AD}"
EndProject
Project("{FAE04EC0-301F-11D3-BF4B-00C04F79EFBC}") = "ShellExtensionsVSIX", "DylanVSShell\ShellExtensionsVSIX\ShellExtensionsVSIX.csproj", "{976C1986-FD5E-447A-BFC8-5A74D4100847}"
EndProject
Project("{2150E333-8FDC-42A3-9474-1A3956D46DE8}") = "Solution Items", "Solution Items", "{0B573BAC-D812-4906-AA21-AEF7362FBA51}"
EndProject
Project("{FAE04EC0-301F-11D3-BF4B-00C04F79EFBC}") = "DylanProject", "DylanProject\DylanProject.csproj", "{AF55A259-F1AB-49A4-B8CE-F2D5E343FE99}"
EndProject
Project("{FAE04EC0-301F-11D3-BF4B-00C04F79EFBC}") = "DylanImportWizard", "DylanImportWizard\DylanImportWizard.csproj", "{A997AC8D-2DD3-4F90-928D-015C9CFF5796}"
EndProject
Global
	GlobalSection(SolutionConfigurationPlatforms) = preSolution
		Debug|Any CPU = Debug|Any CPU
		Debug|Mixed Platforms = Debug|Mixed Platforms
		Debug|Win32 = Debug|Win32
		Release|Any CPU = Release|Any CPU
		Release|Mixed Platforms = Release|Mixed Platforms
		Release|Win32 = Release|Win32
	EndGlobalSection
	GlobalSection(ProjectConfigurationPlatforms) = postSolution
		{BEFCE3EC-5FFC-4330-A4AE-374778EB6FC2}.Debug|Any CPU.ActiveCfg = Debug|Win32
		{BEFCE3EC-5FFC-4330-A4AE-374778EB6FC2}.Debug|Mixed Platforms.ActiveCfg = Debug|Win32
		{BEFCE3EC-5FFC-4330-A4AE-374778EB6FC2}.Debug|Mixed Platforms.Build.0 = Debug|Win32
		{BEFCE3EC-5FFC-4330-A4AE-374778EB6FC2}.Debug|Win32.ActiveCfg = Debug|Win32
		{BEFCE3EC-5FFC-4330-A4AE-374778EB6FC2}.Debug|Win32.Build.0 = Debug|Win32
		{BEFCE3EC-5FFC-4330-A4AE-374778EB6FC2}.Release|Any CPU.ActiveCfg = Release|Win32
		{BEFCE3EC-5FFC-4330-A4AE-374778EB6FC2}.Release|Mixed Platforms.ActiveCfg = Release|Win32
		{BEFCE3EC-5FFC-4330-A4AE-374778EB6FC2}.Release|Mixed Platforms.Build.0 = Release|Win32
		{BEFCE3EC-5FFC-4330-A4AE-374778EB6FC2}.Release|Win32.ActiveCfg = Release|Win32
		{BEFCE3EC-5FFC-4330-A4AE-374778EB6FC2}.Release|Win32.Build.0 = Release|Win32
		{F82446A0-53A7-4039-81E2-C0E9BA4D9D78}.Debug|Any CPU.ActiveCfg = Debug|Win32
		{F82446A0-53A7-4039-81E2-C0E9BA4D9D78}.Debug|Mixed Platforms.ActiveCfg = Debug|Win32
		{F82446A0-53A7-4039-81E2-C0E9BA4D9D78}.Debug|Mixed Platforms.Build.0 = Debug|Win32
		{F82446A0-53A7-4039-81E2-C0E9BA4D9D78}.Debug|Win32.ActiveCfg = Debug|Win32
		{F82446A0-53A7-4039-81E2-C0E9BA4D9D78}.Debug|Win32.Build.0 = Debug|Win32
		{F82446A0-53A7-4039-81E2-C0E9BA4D9D78}.Release|Any CPU.ActiveCfg = Release|Win32
		{F82446A0-53A7-4039-81E2-C0E9BA4D9D78}.Release|Mixed Platforms.ActiveCfg = Release|Win32
		{F82446A0-53A7-4039-81E2-C0E9BA4D9D78}.Release|Mixed Platforms.Build.0 = Release|Win32
		{F82446A0-53A7-4039-81E2-C0E9BA4D9D78}.Release|Win32.ActiveCfg = Release|Win32
		{F82446A0-53A7-4039-81E2-C0E9BA4D9D78}.Release|Win32.Build.0 = Release|Win32
		{F1F23F4E-4756-462C-AD44-485A19C0F4AD}.Debug|Any CPU.ActiveCfg = Debug|Any CPU
		{F1F23F4E-4756-462C-AD44-485A19C0F4AD}.Debug|Any CPU.Build.0 = Debug|Any CPU
		{F1F23F4E-4756-462C-AD44-485A19C0F4AD}.Debug|Mixed Platforms.ActiveCfg = Debug|Any CPU
		{F1F23F4E-4756-462C-AD44-485A19C0F4AD}.Debug|Mixed Platforms.Build.0 = Debug|Any CPU
		{F1F23F4E-4756-462C-AD44-485A19C0F4AD}.Debug|Win32.ActiveCfg = Debug|Any CPU
		{F1F23F4E-4756-462C-AD44-485A19C0F4AD}.Release|Any CPU.ActiveCfg = Release|Any CPU
		{F1F23F4E-4756-462C-AD44-485A19C0F4AD}.Release|Any CPU.Build.0 = Release|Any CPU
		{F1F23F4E-4756-462C-AD44-485A19C0F4AD}.Release|Mixed Platforms.ActiveCfg = Release|Any CPU
		{F1F23F4E-4756-462C-AD44-485A19C0F4AD}.Release|Mixed Platforms.Build.0 = Release|Any CPU
		{F1F23F4E-4756-462C-AD44-485A19C0F4AD}.Release|Win32.ActiveCfg = Release|Any CPU
		{976C1986-FD5E-447A-BFC8-5A74D4100847}.Debug|Any CPU.ActiveCfg = Debug|Any CPU
		{976C1986-FD5E-447A-BFC8-5A74D4100847}.Debug|Any CPU.Build.0 = Debug|Any CPU
		{976C1986-FD5E-447A-BFC8-5A74D4100847}.Debug|Mixed Platforms.ActiveCfg = Debug|Any CPU
		{976C1986-FD5E-447A-BFC8-5A74D4100847}.Debug|Mixed Platforms.Build.0 = Debug|Any CPU
		{976C1986-FD5E-447A-BFC8-5A74D4100847}.Debug|Win32.ActiveCfg = Debug|Any CPU
		{976C1986-FD5E-447A-BFC8-5A74D4100847}.Release|Any CPU.ActiveCfg = Release|Any CPU
		{976C1986-FD5E-447A-BFC8-5A74D4100847}.Release|Any CPU.Build.0 = Release|Any CPU
		{976C1986-FD5E-447A-BFC8-5A74D4100847}.Release|Mixed Platforms.ActiveCfg = Release|Any CPU
		{976C1986-FD5E-447A-BFC8-5A74D4100847}.Release|Mixed Platforms.Build.0 = Release|Any CPU
		{976C1986-FD5E-447A-BFC8-5A74D4100847}.Release|Win32.ActiveCfg = Release|Any CPU
		{AF55A259-F1AB-49A4-B8CE-F2D5E343FE99}.Debug|Any CPU.ActiveCfg = Debug|Any CPU
		{AF55A259-F1AB-49A4-B8CE-F2D5E343FE99}.Debug|Any CPU.Build.0 = Debug|Any CPU
		{AF55A259-F1AB-49A4-B8CE-F2D5E343FE99}.Debug|Mixed Platforms.ActiveCfg = Debug|Any CPU
		{AF55A259-F1AB-49A4-B8CE-F2D5E343FE99}.Debug|Mixed Platforms.Build.0 = Debug|Any CPU
		{AF55A259-F1AB-49A4-B8CE-F2D5E343FE99}.Debug|Win32.ActiveCfg = Debug|Any CPU
		{AF55A259-F1AB-49A4-B8CE-F2D5E343FE99}.Release|Any CPU.ActiveCfg = Release|Any CPU
		{AF55A259-F1AB-49A4-B8CE-F2D5E343FE99}.Release|Any CPU.Build.0 = Release|Any CPU
		{AF55A259-F1AB-49A4-B8CE-F2D5E343FE99}.Release|Mixed Platforms.ActiveCfg = Release|Any CPU
		{AF55A259-F1AB-49A4-B8CE-F2D5E343FE99}.Release|Mixed Platforms.Build.0 = Release|Any CPU
		{AF55A259-F1AB-49A4-B8CE-F2D5E343FE99}.Release|Win32.ActiveCfg = Release|Any CPU
		{A997AC8D-2DD3-4F90-928D-015C9CFF5796}.Debug|Any CPU.ActiveCfg = Debug|Any CPU
		{A997AC8D-2DD3-4F90-928D-015C9CFF5796}.Debug|Any CPU.Build.0 = Debug|Any CPU
		{A997AC8D-2DD3-4F90-928D-015C9CFF5796}.Debug|Mixed Platforms.ActiveCfg = Debug|Any CPU
		{A997AC8D-2DD3-4F90-928D-015C9CFF5796}.Debug|Mixed Platforms.Build.0 = Debug|Any CPU
		{A997AC8D-2DD3-4F90-928D-015C9CFF5796}.Debug|Win32.ActiveCfg = Debug|Any CPU
		{A997AC8D-2DD3-4F90-928D-015C9CFF5796}.Release|Any CPU.ActiveCfg = Release|Any CPU
		{A997AC8D-2DD3-4F90-928D-015C9CFF5796}.Release|Any CPU.Build.0 = Release|Any CPU
		{A997AC8D-2DD3-4F90-928D-015C9CFF5796}.Release|Mixed Platforms.ActiveCfg = Release|Any CPU
		{A997AC8D-2DD3-4F90-928D-015C9CFF5796}.Release|Mixed Platforms.Build.0 = Release|Any CPU
		{A997AC8D-2DD3-4F90-928D-015C9CFF5796}.Release|Win32.ActiveCfg = Release|Any CPU
	EndGlobalSection
	GlobalSection(SolutionProperties) = preSolution
		HideSolutionNode = FALSE
	EndGlobalSection
EndGlobal
